
Microsoft Visual Studio Solution File, Format Version 12.00
# Visual Studio Version 17
VisualStudioVersion = 17.14.36203.30 d17.14
MinimumVisualStudioVersion = 10.0.40219.1
Project("{FAE04EC0-301F-11D3-BF4B-00C04F79EFBC}") = "RahagyasSzamitas.2", "RahagyasSzamitas.2\RahagyasSzamitas.2.csproj", "{6BB419BC-BFF0-4470-91B3-96539266EE1B}"
EndProject
Global
	GlobalSection(SolutionConfigurationPlatforms) = preSolution
		Debug|Any CPU = Debug|Any CPU
		Release|Any CPU = Release|Any CPU
	EndGlobalSection
	GlobalSection(ProjectConfigurationPlatforms) = postSolution
		{6BB419BC-BFF0-4470-91B3-96539266EE1B}.Debug|Any CPU.ActiveCfg = Debug|Any CPU
		{6BB419BC-BFF0-4470-91B3-96539266EE1B}.Debug|Any CPU.Build.0 = Debug|Any CPU
		{6BB419BC-BFF0-4470-91B3-96539266EE1B}.Release|Any CPU.ActiveCfg = Release|Any CPU
		{6BB419BC-BFF0-4470-91B3-96539266EE1B}.Release|Any CPU.Build.0 = Release|Any CPU
	EndGlobalSection
	GlobalSection(SolutionProperties) = preSolution
		HideSolutionNode = FALSE
	EndGlobalSection
	GlobalSection(ExtensibilityGlobals) = postSolution
		SolutionGuid = {7FC708E0-E1C1-4C79-B489-1FB00A538578}
	EndGlobalSection
EndGlobal
