
Microsoft Visual Studio Solution File, Format Version 12.00
# Visual Studio Version 17
VisualStudioVersion = 17.14.36203.30
MinimumVisualStudioVersion = 10.0.40219.1
Project("{FAE04EC0-301F-11D3-BF4B-00C04F79EFBC}") = "rahagyasSzamitas", "rahagyasSzamitas\rahagyasSzamitas.csproj", "{BD733B04-009D-4963-BC43-14FF19A0A7B9}"
EndProject
Project("{FAE04EC0-301F-11D3-BF4B-00C04F79EFBC}") = "rahagyasSzamitasTests", "rahagyasSzamitasTests\rahagyasSzamitasTests.csproj", "{419BC353-7A3F-4F2E-979C-5A4605CFD1FC}"
EndProject
Global
	GlobalSection(SolutionConfigurationPlatforms) = preSolution
		Debug|Any CPU = Debug|Any CPU
		Release|Any CPU = Release|Any CPU
	EndGlobalSection
	GlobalSection(ProjectConfigurationPlatforms) = postSolution
		{BD733B04-009D-4963-BC43-14FF19A0A7B9}.Debug|Any CPU.ActiveCfg = Debug|Any CPU
		{BD733B04-009D-4963-BC43-14FF19A0A7B9}.Debug|Any CPU.Build.0 = Debug|Any CPU
		{BD733B04-009D-4963-BC43-14FF19A0A7B9}.Release|Any CPU.ActiveCfg = Release|Any CPU
		{BD733B04-009D-4963-BC43-14FF19A0A7B9}.Release|Any CPU.Build.0 = Release|Any CPU
		{419BC353-7A3F-4F2E-979C-5A4605CFD1FC}.Debug|Any CPU.ActiveCfg = Debug|Any CPU
		{419BC353-7A3F-4F2E-979C-5A4605CFD1FC}.Debug|Any CPU.Build.0 = Debug|Any CPU
		{419BC353-7A3F-4F2E-979C-5A4605CFD1FC}.Release|Any CPU.ActiveCfg = Release|Any CPU
		{419BC353-7A3F-4F2E-979C-5A4605CFD1FC}.Release|Any CPU.Build.0 = Release|Any CPU
	EndGlobalSection
	GlobalSection(SolutionProperties) = preSolution
		HideSolutionNode = FALSE
	EndGlobalSection
	GlobalSection(ExtensibilityGlobals) = postSolution
		SolutionGuid = {3D387858-922A-46D8-9CB1-4B74D8A2F8EA}
	EndGlobalSection
EndGlobal
